// !$*UTF8*$!
{
	archiveVersion = 1;
	classes = {
	};
	objectVersion = 56;
	objects = {

/* Begin PBXBuildFile section */
		B008A6E429BF1057004C73BA /* Log.swift in Sources */ = {isa = PBXBuildFile; fileRef = B008A6E329BF1057004C73BA /* Log.swift */; };
		B008A6E529BF10AF004C73BA /* Log.swift in Sources */ = {isa = PBXBuildFile; fileRef = B008A6E329BF1057004C73BA /* Log.swift */; };
		B008A6E729BF2572004C73BA /* ImageSource.swift in Sources */ = {isa = PBXBuildFile; fileRef = B008A6E629BF2572004C73BA /* ImageSource.swift */; };
		B008A6E829BF25BB004C73BA /* ImageSource.swift in Sources */ = {isa = PBXBuildFile; fileRef = B008A6E629BF2572004C73BA /* ImageSource.swift */; };
		B008A6EB29BF62C1004C73BA /* FeatureConstants.swift in Sources */ = {isa = PBXBuildFile; fileRef = B008A6EA29BF62C1004C73BA /* FeatureConstants.swift */; };
		B070FF8A29BB550A000FACA9 /* FeaturesDemoApp.swift in Sources */ = {isa = PBXBuildFile; fileRef = B070FF8929BB550A000FACA9 /* FeaturesDemoApp.swift */; };
		B070FF8C29BB550A000FACA9 /* ContentView.swift in Sources */ = {isa = PBXBuildFile; fileRef = B070FF8B29BB550A000FACA9 /* ContentView.swift */; };
		B070FF8E29BB550A000FACA9 /* Assets.xcassets in Resources */ = {isa = PBXBuildFile; fileRef = B070FF8D29BB550A000FACA9 /* Assets.xcassets */; };
		B070FF9129BB550A000FACA9 /* Preview Assets.xcassets in Resources */ = {isa = PBXBuildFile; fileRef = B070FF9029BB550A000FACA9 /* Preview Assets.xcassets */; };
		B070FF9B29BB550B000FACA9 /* FeaturesDemoTests.swift in Sources */ = {isa = PBXBuildFile; fileRef = B070FF9A29BB550B000FACA9 /* FeaturesDemoTests.swift */; };
		B070FFA529BB550B000FACA9 /* FeaturesDemoUITests.swift in Sources */ = {isa = PBXBuildFile; fileRef = B070FFA429BB550B000FACA9 /* FeaturesDemoUITests.swift */; };
		B070FFA729BB550B000FACA9 /* FeaturesDemoUITestsLaunchTests.swift in Sources */ = {isa = PBXBuildFile; fileRef = B070FFA629BB550B000FACA9 /* FeaturesDemoUITestsLaunchTests.swift */; };
		B070FFBA29BB5702000FACA9 /* WidgetKit.framework in Frameworks */ = {isa = PBXBuildFile; fileRef = B070FFB929BB5702000FACA9 /* WidgetKit.framework */; };
		B070FFBC29BB5702000FACA9 /* SwiftUI.framework in Frameworks */ = {isa = PBXBuildFile; fileRef = B070FFBB29BB5702000FACA9 /* SwiftUI.framework */; };
		B070FFBF29BB5702000FACA9 /* DemoWidgetBundle.swift in Sources */ = {isa = PBXBuildFile; fileRef = B070FFBE29BB5702000FACA9 /* DemoWidgetBundle.swift */; };
		B070FFC129BB5702000FACA9 /* DemoWidgetLiveActivity.swift in Sources */ = {isa = PBXBuildFile; fileRef = B070FFC029BB5702000FACA9 /* DemoWidgetLiveActivity.swift */; };
		B070FFC329BB5702000FACA9 /* DemoWidget.swift in Sources */ = {isa = PBXBuildFile; fileRef = B070FFC229BB5702000FACA9 /* DemoWidget.swift */; };
		B070FFC629BB5703000FACA9 /* Assets.xcassets in Resources */ = {isa = PBXBuildFile; fileRef = B070FFC529BB5703000FACA9 /* Assets.xcassets */; };
		B070FFC829BB5703000FACA9 /* DemoWidget.intentdefinition in Sources */ = {isa = PBXBuildFile; fileRef = B070FFC429BB5702000FACA9 /* DemoWidget.intentdefinition */; };
		B070FFC929BB5703000FACA9 /* DemoWidget.intentdefinition in Sources */ = {isa = PBXBuildFile; fileRef = B070FFC429BB5702000FACA9 /* DemoWidget.intentdefinition */; };
		B070FFCC29BB5703000FACA9 /* DemoWidgetExtension.appex in Embed Foundation Extensions */ = {isa = PBXBuildFile; fileRef = B070FFB729BB5702000FACA9 /* DemoWidgetExtension.appex */; settings = {ATTRIBUTES = (RemoveHeadersOnCopy, ); }; };
		B070FFF329BB5970000FACA9 /* WidgetKit.framework in Frameworks */ = {isa = PBXBuildFile; fileRef = B070FFB929BB5702000FACA9 /* WidgetKit.framework */; };
		B070FFF429BB5970000FACA9 /* SwiftUI.framework in Frameworks */ = {isa = PBXBuildFile; fileRef = B070FFBB29BB5702000FACA9 /* SwiftUI.framework */; };
		B070FFF729BB5970000FACA9 /* StaticExtensionBundle.swift in Sources */ = {isa = PBXBuildFile; fileRef = B070FFF629BB5970000FACA9 /* StaticExtensionBundle.swift */; };
		B070FFF929BB5970000FACA9 /* StaticExtension.swift in Sources */ = {isa = PBXBuildFile; fileRef = B070FFF829BB5970000FACA9 /* StaticExtension.swift */; };
		B070FFFB29BB5971000FACA9 /* Assets.xcassets in Resources */ = {isa = PBXBuildFile; fileRef = B070FFFA29BB5971000FACA9 /* Assets.xcassets */; };
		B070FFFF29BB5971000FACA9 /* StaticExtensionExtension.appex in Embed Foundation Extensions */ = {isa = PBXBuildFile; fileRef = B070FFF229BB5970000FACA9 /* StaticExtensionExtension.appex */; settings = {ATTRIBUTES = (RemoveHeadersOnCopy, ); }; };
/* End PBXBuildFile section */

/* Begin PBXContainerItemProxy section */
		B070FF9729BB550B000FACA9 /* PBXContainerItemProxy */ = {
			isa = PBXContainerItemProxy;
			containerPortal = B070FF7E29BB550A000FACA9 /* Project object */;
			proxyType = 1;
			remoteGlobalIDString = B070FF8529BB550A000FACA9;
			remoteInfo = FeaturesDemo;
		};
		B070FFA129BB550B000FACA9 /* PBXContainerItemProxy */ = {
			isa = PBXContainerItemProxy;
			containerPortal = B070FF7E29BB550A000FACA9 /* Project object */;
			proxyType = 1;
			remoteGlobalIDString = B070FF8529BB550A000FACA9;
			remoteInfo = FeaturesDemo;
		};
		B070FFCA29BB5703000FACA9 /* PBXContainerItemProxy */ = {
			isa = PBXContainerItemProxy;
			containerPortal = B070FF7E29BB550A000FACA9 /* Project object */;
			proxyType = 1;
			remoteGlobalIDString = B070FFB629BB5702000FACA9;
			remoteInfo = DemoWidgetExtension;
		};
		B070FFFD29BB5971000FACA9 /* PBXContainerItemProxy */ = {
			isa = PBXContainerItemProxy;
			containerPortal = B070FF7E29BB550A000FACA9 /* Project object */;
			proxyType = 1;
			remoteGlobalIDString = B070FFF129BB5970000FACA9;
			remoteInfo = StaticExtensionExtension;
		};
/* End PBXContainerItemProxy section */

/* Begin PBXCopyFilesBuildPhase section */
		B070FFD029BB5703000FACA9 /* Embed Foundation Extensions */ = {
			isa = PBXCopyFilesBuildPhase;
			buildActionMask = 2147483647;
			dstPath = "";
			dstSubfolderSpec = 13;
			files = (
				B070FFFF29BB5971000FACA9 /* StaticExtensionExtension.appex in Embed Foundation Extensions */,
				B070FFCC29BB5703000FACA9 /* DemoWidgetExtension.appex in Embed Foundation Extensions */,
			);
			name = "Embed Foundation Extensions";
			runOnlyForDeploymentPostprocessing = 0;
		};
/* End PBXCopyFilesBuildPhase section */

/* Begin PBXFileReference section */
		B008A6E329BF1057004C73BA /* Log.swift */ = {isa = PBXFileReference; lastKnownFileType = sourcecode.swift; path = Log.swift; sourceTree = "<group>"; };
		B008A6E629BF2572004C73BA /* ImageSource.swift */ = {isa = PBXFileReference; lastKnownFileType = sourcecode.swift; path = ImageSource.swift; sourceTree = "<group>"; };
		B008A6E929BF623A004C73BA /* Info.plist */ = {isa = PBXFileReference; lastKnownFileType = text.plist; path = Info.plist; sourceTree = "<group>"; };
		B008A6EA29BF62C1004C73BA /* FeatureConstants.swift */ = {isa = PBXFileReference; lastKnownFileType = sourcecode.swift; path = FeatureConstants.swift; sourceTree = "<group>"; };
		B070FF8629BB550A000FACA9 /* FeaturesDemo.app */ = {isa = PBXFileReference; explicitFileType = wrapper.application; includeInIndex = 0; path = FeaturesDemo.app; sourceTree = BUILT_PRODUCTS_DIR; };
		B070FF8929BB550A000FACA9 /* FeaturesDemoApp.swift */ = {isa = PBXFileReference; lastKnownFileType = sourcecode.swift; path = FeaturesDemoApp.swift; sourceTree = "<group>"; };
		B070FF8B29BB550A000FACA9 /* ContentView.swift */ = {isa = PBXFileReference; lastKnownFileType = sourcecode.swift; path = ContentView.swift; sourceTree = "<group>"; };
		B070FF8D29BB550A000FACA9 /* Assets.xcassets */ = {isa = PBXFileReference; lastKnownFileType = folder.assetcatalog; path = Assets.xcassets; sourceTree = "<group>"; };
		B070FF9029BB550A000FACA9 /* Preview Assets.xcassets */ = {isa = PBXFileReference; lastKnownFileType = folder.assetcatalog; path = "Preview Assets.xcassets"; sourceTree = "<group>"; };
		B070FF9629BB550B000FACA9 /* FeaturesDemoTests.xctest */ = {isa = PBXFileReference; explicitFileType = wrapper.cfbundle; includeInIndex = 0; path = FeaturesDemoTests.xctest; sourceTree = BUILT_PRODUCTS_DIR; };
		B070FF9A29BB550B000FACA9 /* FeaturesDemoTests.swift */ = {isa = PBXFileReference; lastKnownFileType = sourcecode.swift; path = FeaturesDemoTests.swift; sourceTree = "<group>"; };
		B070FFA029BB550B000FACA9 /* FeaturesDemoUITests.xctest */ = {isa = PBXFileReference; explicitFileType = wrapper.cfbundle; includeInIndex = 0; path = FeaturesDemoUITests.xctest; sourceTree = BUILT_PRODUCTS_DIR; };
		B070FFA429BB550B000FACA9 /* FeaturesDemoUITests.swift */ = {isa = PBXFileReference; lastKnownFileType = sourcecode.swift; path = FeaturesDemoUITests.swift; sourceTree = "<group>"; };
		B070FFA629BB550B000FACA9 /* FeaturesDemoUITestsLaunchTests.swift */ = {isa = PBXFileReference; lastKnownFileType = sourcecode.swift; path = FeaturesDemoUITestsLaunchTests.swift; sourceTree = "<group>"; };
		B070FFB729BB5702000FACA9 /* DemoWidgetExtension.appex */ = {isa = PBXFileReference; explicitFileType = "wrapper.app-extension"; includeInIndex = 0; path = DemoWidgetExtension.appex; sourceTree = BUILT_PRODUCTS_DIR; };
		B070FFB929BB5702000FACA9 /* WidgetKit.framework */ = {isa = PBXFileReference; lastKnownFileType = wrapper.framework; name = WidgetKit.framework; path = System/Library/Frameworks/WidgetKit.framework; sourceTree = SDKROOT; };
		B070FFBB29BB5702000FACA9 /* SwiftUI.framework */ = {isa = PBXFileReference; lastKnownFileType = wrapper.framework; name = SwiftUI.framework; path = System/Library/Frameworks/SwiftUI.framework; sourceTree = SDKROOT; };
		B070FFBE29BB5702000FACA9 /* DemoWidgetBundle.swift */ = {isa = PBXFileReference; lastKnownFileType = sourcecode.swift; path = DemoWidgetBundle.swift; sourceTree = "<group>"; };
		B070FFC029BB5702000FACA9 /* DemoWidgetLiveActivity.swift */ = {isa = PBXFileReference; lastKnownFileType = sourcecode.swift; path = DemoWidgetLiveActivity.swift; sourceTree = "<group>"; };
		B070FFC229BB5702000FACA9 /* DemoWidget.swift */ = {isa = PBXFileReference; lastKnownFileType = sourcecode.swift; path = DemoWidget.swift; sourceTree = "<group>"; };
		B070FFC429BB5702000FACA9 /* DemoWidget.intentdefinition */ = {isa = PBXFileReference; lastKnownFileType = file.intentdefinition; path = DemoWidget.intentdefinition; sourceTree = "<group>"; };
		B070FFC529BB5703000FACA9 /* Assets.xcassets */ = {isa = PBXFileReference; lastKnownFileType = folder.assetcatalog; path = Assets.xcassets; sourceTree = "<group>"; };
		B070FFC729BB5703000FACA9 /* Info.plist */ = {isa = PBXFileReference; lastKnownFileType = text.plist.xml; path = Info.plist; sourceTree = "<group>"; };
		B070FFF229BB5970000FACA9 /* StaticExtensionExtension.appex */ = {isa = PBXFileReference; explicitFileType = "wrapper.app-extension"; includeInIndex = 0; path = StaticExtensionExtension.appex; sourceTree = BUILT_PRODUCTS_DIR; };
		B070FFF629BB5970000FACA9 /* StaticExtensionBundle.swift */ = {isa = PBXFileReference; lastKnownFileType = sourcecode.swift; path = StaticExtensionBundle.swift; sourceTree = "<group>"; };
		B070FFF829BB5970000FACA9 /* StaticExtension.swift */ = {isa = PBXFileReference; lastKnownFileType = sourcecode.swift; path = StaticExtension.swift; sourceTree = "<group>"; };
		B070FFFA29BB5971000FACA9 /* Assets.xcassets */ = {isa = PBXFileReference; lastKnownFileType = folder.assetcatalog; path = Assets.xcassets; sourceTree = "<group>"; };
		B070FFFC29BB5971000FACA9 /* Info.plist */ = {isa = PBXFileReference; lastKnownFileType = text.plist.xml; path = Info.plist; sourceTree = "<group>"; };
/* End PBXFileReference section */

/* Begin PBXFrameworksBuildPhase section */
		B070FF8329BB550A000FACA9 /* Frameworks */ = {
			isa = PBXFrameworksBuildPhase;
			buildActionMask = 2147483647;
			files = (
			);
			runOnlyForDeploymentPostprocessing = 0;
		};
		B070FF9329BB550B000FACA9 /* Frameworks */ = {
			isa = PBXFrameworksBuildPhase;
			buildActionMask = 2147483647;
			files = (
			);
			runOnlyForDeploymentPostprocessing = 0;
		};
		B070FF9D29BB550B000FACA9 /* Frameworks */ = {
			isa = PBXFrameworksBuildPhase;
			buildActionMask = 2147483647;
			files = (
			);
			runOnlyForDeploymentPostprocessing = 0;
		};
		B070FFB429BB5702000FACA9 /* Frameworks */ = {
			isa = PBXFrameworksBuildPhase;
			buildActionMask = 2147483647;
			files = (
				B070FFBC29BB5702000FACA9 /* SwiftUI.framework in Frameworks */,
				B070FFBA29BB5702000FACA9 /* WidgetKit.framework in Frameworks */,
			);
			runOnlyForDeploymentPostprocessing = 0;
		};
		B070FFEF29BB5970000FACA9 /* Frameworks */ = {
			isa = PBXFrameworksBuildPhase;
			buildActionMask = 2147483647;
			files = (
				B070FFF429BB5970000FACA9 /* SwiftUI.framework in Frameworks */,
				B070FFF329BB5970000FACA9 /* WidgetKit.framework in Frameworks */,
			);
			runOnlyForDeploymentPostprocessing = 0;
		};
/* End PBXFrameworksBuildPhase section */

/* Begin PBXGroup section */
		B070FF7D29BB550A000FACA9 = {
			isa = PBXGroup;
			children = (
				B070FF8829BB550A000FACA9 /* FeaturesDemo */,
				B070FF9929BB550B000FACA9 /* FeaturesDemoTests */,
				B070FFA329BB550B000FACA9 /* FeaturesDemoUITests */,
				B070FFBD29BB5702000FACA9 /* DemoWidget */,
				B070FFF529BB5970000FACA9 /* StaticExtension */,
				B070FFB829BB5702000FACA9 /* Frameworks */,
				B070FF8729BB550A000FACA9 /* Products */,
			);
			sourceTree = "<group>";
		};
		B070FF8729BB550A000FACA9 /* Products */ = {
			isa = PBXGroup;
			children = (
				B070FF8629BB550A000FACA9 /* FeaturesDemo.app */,
				B070FF9629BB550B000FACA9 /* FeaturesDemoTests.xctest */,
				B070FFA029BB550B000FACA9 /* FeaturesDemoUITests.xctest */,
				B070FFB729BB5702000FACA9 /* DemoWidgetExtension.appex */,
				B070FFF229BB5970000FACA9 /* StaticExtensionExtension.appex */,
			);
			name = Products;
			sourceTree = "<group>";
		};
		B070FF8829BB550A000FACA9 /* FeaturesDemo */ = {
			isa = PBXGroup;
			children = (
				B070FF8D29BB550A000FACA9 /* Assets.xcassets */,
				B070FF8B29BB550A000FACA9 /* ContentView.swift */,
				B008A6EA29BF62C1004C73BA /* FeatureConstants.swift */,
				B070FF8929BB550A000FACA9 /* FeaturesDemoApp.swift */,
				B008A6E629BF2572004C73BA /* ImageSource.swift */,
				B008A6E929BF623A004C73BA /* Info.plist */,
				B008A6E329BF1057004C73BA /* Log.swift */,
				B070FF8F29BB550A000FACA9 /* Preview Content */,
			);
			path = FeaturesDemo;
			sourceTree = "<group>";
		};
		B070FF8F29BB550A000FACA9 /* Preview Content */ = {
			isa = PBXGroup;
			children = (
				B070FF9029BB550A000FACA9 /* Preview Assets.xcassets */,
			);
			path = "Preview Content";
			sourceTree = "<group>";
		};
		B070FF9929BB550B000FACA9 /* FeaturesDemoTests */ = {
			isa = PBXGroup;
			children = (
				B070FF9A29BB550B000FACA9 /* FeaturesDemoTests.swift */,
			);
			path = FeaturesDemoTests;
			sourceTree = "<group>";
		};
		B070FFA329BB550B000FACA9 /* FeaturesDemoUITests */ = {
			isa = PBXGroup;
			children = (
				B070FFA429BB550B000FACA9 /* FeaturesDemoUITests.swift */,
				B070FFA629BB550B000FACA9 /* FeaturesDemoUITestsLaunchTests.swift */,
			);
			path = FeaturesDemoUITests;
			sourceTree = "<group>";
		};
		B070FFB829BB5702000FACA9 /* Frameworks */ = {
			isa = PBXGroup;
			children = (
				B070FFB929BB5702000FACA9 /* WidgetKit.framework */,
				B070FFBB29BB5702000FACA9 /* SwiftUI.framework */,
			);
			name = Frameworks;
			sourceTree = "<group>";
		};
		B070FFBD29BB5702000FACA9 /* DemoWidget */ = {
			isa = PBXGroup;
			children = (
				B070FFBE29BB5702000FACA9 /* DemoWidgetBundle.swift */,
				B070FFC029BB5702000FACA9 /* DemoWidgetLiveActivity.swift */,
				B070FFC229BB5702000FACA9 /* DemoWidget.swift */,
				B070FFC429BB5702000FACA9 /* DemoWidget.intentdefinition */,
				B070FFC529BB5703000FACA9 /* Assets.xcassets */,
				B070FFC729BB5703000FACA9 /* Info.plist */,
			);
			path = DemoWidget;
			sourceTree = "<group>";
		};
		B070FFF529BB5970000FACA9 /* StaticExtension */ = {
			isa = PBXGroup;
			children = (
				B070FFF629BB5970000FACA9 /* StaticExtensionBundle.swift */,
				B070FFF829BB5970000FACA9 /* StaticExtension.swift */,
				B070FFFA29BB5971000FACA9 /* Assets.xcassets */,
				B070FFFC29BB5971000FACA9 /* Info.plist */,
			);
			path = StaticExtension;
			sourceTree = "<group>";
		};
/* End PBXGroup section */

/* Begin PBXNativeTarget section */
		B070FF8529BB550A000FACA9 /* FeaturesDemo */ = {
			isa = PBXNativeTarget;
			buildConfigurationList = B070FFAA29BB550B000FACA9 /* Build configuration list for PBXNativeTarget "FeaturesDemo" */;
			buildPhases = (
				B070FF8229BB550A000FACA9 /* Sources */,
				B070FF8329BB550A000FACA9 /* Frameworks */,
				B070FF8429BB550A000FACA9 /* Resources */,
				B070FFD029BB5703000FACA9 /* Embed Foundation Extensions */,
			);
			buildRules = (
			);
			dependencies = (
				B070FFCB29BB5703000FACA9 /* PBXTargetDependency */,
				B070FFFE29BB5971000FACA9 /* PBXTargetDependency */,
			);
			name = FeaturesDemo;
			productName = FeaturesDemo;
			productReference = B070FF8629BB550A000FACA9 /* FeaturesDemo.app */;
			productType = "com.apple.product-type.application";
		};
		B070FF9529BB550B000FACA9 /* FeaturesDemoTests */ = {
			isa = PBXNativeTarget;
			buildConfigurationList = B070FFAD29BB550B000FACA9 /* Build configuration list for PBXNativeTarget "FeaturesDemoTests" */;
			buildPhases = (
				B070FF9229BB550B000FACA9 /* Sources */,
				B070FF9329BB550B000FACA9 /* Frameworks */,
				B070FF9429BB550B000FACA9 /* Resources */,
			);
			buildRules = (
			);
			dependencies = (
				B070FF9829BB550B000FACA9 /* PBXTargetDependency */,
			);
			name = FeaturesDemoTests;
			productName = FeaturesDemoTests;
			productReference = B070FF9629BB550B000FACA9 /* FeaturesDemoTests.xctest */;
			productType = "com.apple.product-type.bundle.unit-test";
		};
		B070FF9F29BB550B000FACA9 /* FeaturesDemoUITests */ = {
			isa = PBXNativeTarget;
			buildConfigurationList = B070FFB029BB550B000FACA9 /* Build configuration list for PBXNativeTarget "FeaturesDemoUITests" */;
			buildPhases = (
				B070FF9C29BB550B000FACA9 /* Sources */,
				B070FF9D29BB550B000FACA9 /* Frameworks */,
				B070FF9E29BB550B000FACA9 /* Resources */,
			);
			buildRules = (
			);
			dependencies = (
				B070FFA229BB550B000FACA9 /* PBXTargetDependency */,
			);
			name = FeaturesDemoUITests;
			productName = FeaturesDemoUITests;
			productReference = B070FFA029BB550B000FACA9 /* FeaturesDemoUITests.xctest */;
			productType = "com.apple.product-type.bundle.ui-testing";
		};
		B070FFB629BB5702000FACA9 /* DemoWidgetExtension */ = {
			isa = PBXNativeTarget;
			buildConfigurationList = B070FFCD29BB5703000FACA9 /* Build configuration list for PBXNativeTarget "DemoWidgetExtension" */;
			buildPhases = (
				B070FFB329BB5702000FACA9 /* Sources */,
				B070FFB429BB5702000FACA9 /* Frameworks */,
				B070FFB529BB5702000FACA9 /* Resources */,
			);
			buildRules = (
			);
			dependencies = (
			);
			name = DemoWidgetExtension;
			productName = DemoWidgetExtension;
			productReference = B070FFB729BB5702000FACA9 /* DemoWidgetExtension.appex */;
			productType = "com.apple.product-type.app-extension";
		};
		B070FFF129BB5970000FACA9 /* StaticExtensionExtension */ = {
			isa = PBXNativeTarget;
			buildConfigurationList = B070000029BB5971000FACA9 /* Build configuration list for PBXNativeTarget "StaticExtensionExtension" */;
			buildPhases = (
				B070FFEE29BB5970000FACA9 /* Sources */,
				B070FFEF29BB5970000FACA9 /* Frameworks */,
				B070FFF029BB5970000FACA9 /* Resources */,
			);
			buildRules = (
			);
			dependencies = (
			);
			name = StaticExtensionExtension;
			productName = StaticExtensionExtension;
			productReference = B070FFF229BB5970000FACA9 /* StaticExtensionExtension.appex */;
			productType = "com.apple.product-type.app-extension";
		};
/* End PBXNativeTarget section */

/* Begin PBXProject section */
		B070FF7E29BB550A000FACA9 /* Project object */ = {
			isa = PBXProject;
			attributes = {
				BuildIndependentTargetsInParallel = 1;
				LastSwiftUpdateCheck = 1420;
				LastUpgradeCheck = 1420;
				TargetAttributes = {
					B070FF8529BB550A000FACA9 = {
						CreatedOnToolsVersion = 14.2;
					};
					B070FF9529BB550B000FACA9 = {
						CreatedOnToolsVersion = 14.2;
						TestTargetID = B070FF8529BB550A000FACA9;
					};
					B070FF9F29BB550B000FACA9 = {
						CreatedOnToolsVersion = 14.2;
						TestTargetID = B070FF8529BB550A000FACA9;
					};
					B070FFB629BB5702000FACA9 = {
						CreatedOnToolsVersion = 14.2;
					};
					B070FFF129BB5970000FACA9 = {
						CreatedOnToolsVersion = 14.2;
					};
				};
			};
			buildConfigurationList = B070FF8129BB550A000FACA9 /* Build configuration list for PBXProject "FeaturesDemo" */;
			compatibilityVersion = "Xcode 14.0";
			developmentRegion = en;
			hasScannedForEncodings = 0;
			knownRegions = (
				en,
				Base,
			);
			mainGroup = B070FF7D29BB550A000FACA9;
			productRefGroup = B070FF8729BB550A000FACA9 /* Products */;
			projectDirPath = "";
			projectRoot = "";
			targets = (
				B070FF8529BB550A000FACA9 /* FeaturesDemo */,
				B070FF9529BB550B000FACA9 /* FeaturesDemoTests */,
				B070FF9F29BB550B000FACA9 /* FeaturesDemoUITests */,
				B070FFB629BB5702000FACA9 /* DemoWidgetExtension */,
				B070FFF129BB5970000FACA9 /* StaticExtensionExtension */,
			);
		};
/* End PBXProject section */

/* Begin PBXResourcesBuildPhase section */
		B070FF8429BB550A000FACA9 /* Resources */ = {
			isa = PBXResourcesBuildPhase;
			buildActionMask = 2147483647;
			files = (
				B070FF9129BB550A000FACA9 /* Preview Assets.xcassets in Resources */,
				B070FF8E29BB550A000FACA9 /* Assets.xcassets in Resources */,
			);
			runOnlyForDeploymentPostprocessing = 0;
		};
		B070FF9429BB550B000FACA9 /* Resources */ = {
			isa = PBXResourcesBuildPhase;
			buildActionMask = 2147483647;
			files = (
			);
			runOnlyForDeploymentPostprocessing = 0;
		};
		B070FF9E29BB550B000FACA9 /* Resources */ = {
			isa = PBXResourcesBuildPhase;
			buildActionMask = 2147483647;
			files = (
			);
			runOnlyForDeploymentPostprocessing = 0;
		};
		B070FFB529BB5702000FACA9 /* Resources */ = {
			isa = PBXResourcesBuildPhase;
			buildActionMask = 2147483647;
			files = (
				B070FFC629BB5703000FACA9 /* Assets.xcassets in Resources */,
			);
			runOnlyForDeploymentPostprocessing = 0;
		};
		B070FFF029BB5970000FACA9 /* Resources */ = {
			isa = PBXResourcesBuildPhase;
			buildActionMask = 2147483647;
			files = (
				B070FFFB29BB5971000FACA9 /* Assets.xcassets in Resources */,
			);
			runOnlyForDeploymentPostprocessing = 0;
		};
/* End PBXResourcesBuildPhase section */

/* Begin PBXSourcesBuildPhase section */
		B070FF8229BB550A000FACA9 /* Sources */ = {
			isa = PBXSourcesBuildPhase;
			buildActionMask = 2147483647;
			files = (
				B008A6EB29BF62C1004C73BA /* FeatureConstants.swift in Sources */,
				B070FF8C29BB550A000FACA9 /* ContentView.swift in Sources */,
				B008A6E729BF2572004C73BA /* ImageSource.swift in Sources */,
				B070FF8A29BB550A000FACA9 /* FeaturesDemoApp.swift in Sources */,
				B008A6E429BF1057004C73BA /* Log.swift in Sources */,
				B070FFC929BB5703000FACA9 /* DemoWidget.intentdefinition in Sources */,
			);
			runOnlyForDeploymentPostprocessing = 0;
		};
		B070FF9229BB550B000FACA9 /* Sources */ = {
			isa = PBXSourcesBuildPhase;
			buildActionMask = 2147483647;
			files = (
				B070FF9B29BB550B000FACA9 /* FeaturesDemoTests.swift in Sources */,
			);
			runOnlyForDeploymentPostprocessing = 0;
		};
		B070FF9C29BB550B000FACA9 /* Sources */ = {
			isa = PBXSourcesBuildPhase;
			buildActionMask = 2147483647;
			files = (
				B070FFA729BB550B000FACA9 /* FeaturesDemoUITestsLaunchTests.swift in Sources */,
				B070FFA529BB550B000FACA9 /* FeaturesDemoUITests.swift in Sources */,
			);
			runOnlyForDeploymentPostprocessing = 0;
		};
		B070FFB329BB5702000FACA9 /* Sources */ = {
			isa = PBXSourcesBuildPhase;
			buildActionMask = 2147483647;
			files = (
				B070FFC329BB5702000FACA9 /* DemoWidget.swift in Sources */,
				B070FFC829BB5703000FACA9 /* DemoWidget.intentdefinition in Sources */,
				B070FFBF29BB5702000FACA9 /* DemoWidgetBundle.swift in Sources */,
				B070FFC129BB5702000FACA9 /* DemoWidgetLiveActivity.swift in Sources */,
			);
			runOnlyForDeploymentPostprocessing = 0;
		};
		B070FFEE29BB5970000FACA9 /* Sources */ = {
			isa = PBXSourcesBuildPhase;
			buildActionMask = 2147483647;
			files = (
				B008A6E829BF25BB004C73BA /* ImageSource.swift in Sources */,
				B008A6E529BF10AF004C73BA /* Log.swift in Sources */,
				B070FFF729BB5970000FACA9 /* StaticExtensionBundle.swift in Sources */,
				B070FFF929BB5970000FACA9 /* StaticExtension.swift in Sources */,
			);
			runOnlyForDeploymentPostprocessing = 0;
		};
/* End PBXSourcesBuildPhase section */

/* Begin PBXTargetDependency section */
		B070FF9829BB550B000FACA9 /* PBXTargetDependency */ = {
			isa = PBXTargetDependency;
			target = B070FF8529BB550A000FACA9 /* FeaturesDemo */;
			targetProxy = B070FF9729BB550B000FACA9 /* PBXContainerItemProxy */;
		};
		B070FFA229BB550B000FACA9 /* PBXTargetDependency */ = {
			isa = PBXTargetDependency;
			target = B070FF8529BB550A000FACA9 /* FeaturesDemo */;
			targetProxy = B070FFA129BB550B000FACA9 /* PBXContainerItemProxy */;
		};
		B070FFCB29BB5703000FACA9 /* PBXTargetDependency */ = {
			isa = PBXTargetDependency;
			target = B070FFB629BB5702000FACA9 /* DemoWidgetExtension */;
			targetProxy = B070FFCA29BB5703000FACA9 /* PBXContainerItemProxy */;
		};
		B070FFFE29BB5971000FACA9 /* PBXTargetDependency */ = {
			isa = PBXTargetDependency;
			target = B070FFF129BB5970000FACA9 /* StaticExtensionExtension */;
			targetProxy = B070FFFD29BB5971000FACA9 /* PBXContainerItemProxy */;
		};
/* End PBXTargetDependency section */

/* Begin XCBuildConfiguration section */
		B070000129BB5971000FACA9 /* Debug */ = {
			isa = XCBuildConfiguration;
			buildSettings = {
				ASSETCATALOG_COMPILER_GLOBAL_ACCENT_COLOR_NAME = AccentColor;
				ASSETCATALOG_COMPILER_WIDGET_BACKGROUND_COLOR_NAME = WidgetBackground;
				CODE_SIGN_STYLE = Automatic;
				CURRENT_PROJECT_VERSION = 1;
				DEVELOPMENT_TEAM = D2T2QC36Z9;
				GENERATE_INFOPLIST_FILE = YES;
				INFOPLIST_FILE = StaticExtension/Info.plist;
				INFOPLIST_KEY_CFBundleDisplayName = StaticExtension;
				INFOPLIST_KEY_NSHumanReadableCopyright = "";
				LD_RUNPATH_SEARCH_PATHS = (
					"$(inherited)",
					"@executable_path/Frameworks",
					"@executable_path/../../Frameworks",
				);
				MARKETING_VERSION = 1.0;
				PRODUCT_BUNDLE_IDENTIFIER = com.futurice.FeaturesDemo.StaticExtension;
				PRODUCT_NAME = "$(TARGET_NAME)";
				SKIP_INSTALL = YES;
				SWIFT_EMIT_LOC_STRINGS = YES;
				SWIFT_VERSION = 5.0;
				TARGETED_DEVICE_FAMILY = "1,2";
			};
			name = Debug;
		};
		B070000229BB5971000FACA9 /* Release */ = {
			isa = XCBuildConfiguration;
			buildSettings = {
				ASSETCATALOG_COMPILER_GLOBAL_ACCENT_COLOR_NAME = AccentColor;
				ASSETCATALOG_COMPILER_WIDGET_BACKGROUND_COLOR_NAME = WidgetBackground;
				CODE_SIGN_STYLE = Automatic;
				CURRENT_PROJECT_VERSION = 1;
				DEVELOPMENT_TEAM = D2T2QC36Z9;
				GENERATE_INFOPLIST_FILE = YES;
				INFOPLIST_FILE = StaticExtension/Info.plist;
				INFOPLIST_KEY_CFBundleDisplayName = StaticExtension;
				INFOPLIST_KEY_NSHumanReadableCopyright = "";
				LD_RUNPATH_SEARCH_PATHS = (
					"$(inherited)",
					"@executable_path/Frameworks",
					"@executable_path/../../Frameworks",
				);
				MARKETING_VERSION = 1.0;
				PRODUCT_BUNDLE_IDENTIFIER = com.futurice.FeaturesDemo.StaticExtension;
				PRODUCT_NAME = "$(TARGET_NAME)";
				SKIP_INSTALL = YES;
				SWIFT_EMIT_LOC_STRINGS = YES;
				SWIFT_VERSION = 5.0;
				TARGETED_DEVICE_FAMILY = "1,2";
			};
			name = Release;
		};
		B070FFA829BB550B000FACA9 /* Debug */ = {
			isa = XCBuildConfiguration;
			buildSettings = {
				ALWAYS_SEARCH_USER_PATHS = NO;
				CLANG_ANALYZER_NONNULL = YES;
				CLANG_ANALYZER_NUMBER_OBJECT_CONVERSION = YES_AGGRESSIVE;
				CLANG_CXX_LANGUAGE_STANDARD = "gnu++20";
				CLANG_ENABLE_MODULES = YES;
				CLANG_ENABLE_OBJC_ARC = YES;
				CLANG_ENABLE_OBJC_WEAK = YES;
				CLANG_WARN_BLOCK_CAPTURE_AUTORELEASING = YES;
				CLANG_WARN_BOOL_CONVERSION = YES;
				CLANG_WARN_COMMA = YES;
				CLANG_WARN_CONSTANT_CONVERSION = YES;
				CLANG_WARN_DEPRECATED_OBJC_IMPLEMENTATIONS = YES;
				CLANG_WARN_DIRECT_OBJC_ISA_USAGE = YES_ERROR;
				CLANG_WARN_DOCUMENTATION_COMMENTS = YES;
				CLANG_WARN_EMPTY_BODY = YES;
				CLANG_WARN_ENUM_CONVERSION = YES;
				CLANG_WARN_INFINITE_RECURSION = YES;
				CLANG_WARN_INT_CONVERSION = YES;
				CLANG_WARN_NON_LITERAL_NULL_CONVERSION = YES;
				CLANG_WARN_OBJC_IMPLICIT_RETAIN_SELF = YES;
				CLANG_WARN_OBJC_LITERAL_CONVERSION = YES;
				CLANG_WARN_OBJC_ROOT_CLASS = YES_ERROR;
				CLANG_WARN_QUOTED_INCLUDE_IN_FRAMEWORK_HEADER = YES;
				CLANG_WARN_RANGE_LOOP_ANALYSIS = YES;
				CLANG_WARN_STRICT_PROTOTYPES = YES;
				CLANG_WARN_SUSPICIOUS_MOVE = YES;
				CLANG_WARN_UNGUARDED_AVAILABILITY = YES_AGGRESSIVE;
				CLANG_WARN_UNREACHABLE_CODE = YES;
				CLANG_WARN__DUPLICATE_METHOD_MATCH = YES;
				COPY_PHASE_STRIP = NO;
				DEBUG_INFORMATION_FORMAT = dwarf;
				ENABLE_STRICT_OBJC_MSGSEND = YES;
				ENABLE_TESTABILITY = YES;
				GCC_C_LANGUAGE_STANDARD = gnu11;
				GCC_DYNAMIC_NO_PIC = NO;
				GCC_NO_COMMON_BLOCKS = YES;
				GCC_OPTIMIZATION_LEVEL = 0;
				GCC_PREPROCESSOR_DEFINITIONS = (
					"DEBUG=1",
					"$(inherited)",
				);
				GCC_WARN_64_TO_32_BIT_CONVERSION = YES;
				GCC_WARN_ABOUT_RETURN_TYPE = YES_ERROR;
				GCC_WARN_UNDECLARED_SELECTOR = YES;
				GCC_WARN_UNINITIALIZED_AUTOS = YES_AGGRESSIVE;
				GCC_WARN_UNUSED_FUNCTION = YES;
				GCC_WARN_UNUSED_VARIABLE = YES;
				IPHONEOS_DEPLOYMENT_TARGET = 16.2;
				MTL_ENABLE_DEBUG_INFO = INCLUDE_SOURCE;
				MTL_FAST_MATH = YES;
				ONLY_ACTIVE_ARCH = YES;
				SDKROOT = iphoneos;
				SWIFT_ACTIVE_COMPILATION_CONDITIONS = DEBUG;
				SWIFT_OPTIMIZATION_LEVEL = "-Onone";
			};
			name = Debug;
		};
		B070FFA929BB550B000FACA9 /* Release */ = {
			isa = XCBuildConfiguration;
			buildSettings = {
				ALWAYS_SEARCH_USER_PATHS = NO;
				CLANG_ANALYZER_NONNULL = YES;
				CLANG_ANALYZER_NUMBER_OBJECT_CONVERSION = YES_AGGRESSIVE;
				CLANG_CXX_LANGUAGE_STANDARD = "gnu++20";
				CLANG_ENABLE_MODULES = YES;
				CLANG_ENABLE_OBJC_ARC = YES;
				CLANG_ENABLE_OBJC_WEAK = YES;
				CLANG_WARN_BLOCK_CAPTURE_AUTORELEASING = YES;
				CLANG_WARN_BOOL_CONVERSION = YES;
				CLANG_WARN_COMMA = YES;
				CLANG_WARN_CONSTANT_CONVERSION = YES;
				CLANG_WARN_DEPRECATED_OBJC_IMPLEMENTATIONS = YES;
				CLANG_WARN_DIRECT_OBJC_ISA_USAGE = YES_ERROR;
				CLANG_WARN_DOCUMENTATION_COMMENTS = YES;
				CLANG_WARN_EMPTY_BODY = YES;
				CLANG_WARN_ENUM_CONVERSION = YES;
				CLANG_WARN_INFINITE_RECURSION = YES;
				CLANG_WARN_INT_CONVERSION = YES;
				CLANG_WARN_NON_LITERAL_NULL_CONVERSION = YES;
				CLANG_WARN_OBJC_IMPLICIT_RETAIN_SELF = YES;
				CLANG_WARN_OBJC_LITERAL_CONVERSION = YES;
				CLANG_WARN_OBJC_ROOT_CLASS = YES_ERROR;
				CLANG_WARN_QUOTED_INCLUDE_IN_FRAMEWORK_HEADER = YES;
				CLANG_WARN_RANGE_LOOP_ANALYSIS = YES;
				CLANG_WARN_STRICT_PROTOTYPES = YES;
				CLANG_WARN_SUSPICIOUS_MOVE = YES;
				CLANG_WARN_UNGUARDED_AVAILABILITY = YES_AGGRESSIVE;
				CLANG_WARN_UNREACHABLE_CODE = YES;
				CLANG_WARN__DUPLICATE_METHOD_MATCH = YES;
				COPY_PHASE_STRIP = NO;
				DEBUG_INFORMATION_FORMAT = "dwarf-with-dsym";
				ENABLE_NS_ASSERTIONS = NO;
				ENABLE_STRICT_OBJC_MSGSEND = YES;
				GCC_C_LANGUAGE_STANDARD = gnu11;
				GCC_NO_COMMON_BLOCKS = YES;
				GCC_WARN_64_TO_32_BIT_CONVERSION = YES;
				GCC_WARN_ABOUT_RETURN_TYPE = YES_ERROR;
				GCC_WARN_UNDECLARED_SELECTOR = YES;
				GCC_WARN_UNINITIALIZED_AUTOS = YES_AGGRESSIVE;
				GCC_WARN_UNUSED_FUNCTION = YES;
				GCC_WARN_UNUSED_VARIABLE = YES;
				IPHONEOS_DEPLOYMENT_TARGET = 16.2;
				MTL_ENABLE_DEBUG_INFO = NO;
				MTL_FAST_MATH = YES;
				SDKROOT = iphoneos;
				SWIFT_COMPILATION_MODE = wholemodule;
				SWIFT_OPTIMIZATION_LEVEL = "-O";
				VALIDATE_PRODUCT = YES;
			};
			name = Release;
		};
		B070FFAB29BB550B000FACA9 /* Debug */ = {
			isa = XCBuildConfiguration;
			buildSettings = {
				ALWAYS_EMBED_SWIFT_STANDARD_LIBRARIES = YES;
				ASSETCATALOG_COMPILER_APPICON_NAME = AppIcon;
				ASSETCATALOG_COMPILER_GLOBAL_ACCENT_COLOR_NAME = AccentColor;
				CODE_SIGN_STYLE = Automatic;
				CURRENT_PROJECT_VERSION = 1;
				DEVELOPMENT_ASSET_PATHS = "\"FeaturesDemo/Preview Content\"";
				DEVELOPMENT_TEAM = D2T2QC36Z9;
				ENABLE_PREVIEWS = YES;
				GENERATE_INFOPLIST_FILE = YES;
				INFOPLIST_FILE = FeaturesDemo/Info.plist;
				INFOPLIST_KEY_UIApplicationSupportsIndirectInputEvents = YES;
				INFOPLIST_KEY_UILaunchScreen_Generation = YES;
				INFOPLIST_KEY_UISupportedInterfaceOrientations_iPad = "UIInterfaceOrientationPortrait UIInterfaceOrientationPortraitUpsideDown UIInterfaceOrientationLandscapeLeft UIInterfaceOrientationLandscapeRight";
				INFOPLIST_KEY_UISupportedInterfaceOrientations_iPhone = "UIInterfaceOrientationPortrait UIInterfaceOrientationLandscapeLeft UIInterfaceOrientationLandscapeRight";
				LD_RUNPATH_SEARCH_PATHS = (
					"$(inherited)",
					"@executable_path/Frameworks",
				);
				MARKETING_VERSION = 1.0;
				PRODUCT_BUNDLE_IDENTIFIER = com.futurice.FeaturesDemo;
				PRODUCT_NAME = "$(TARGET_NAME)";
				SWIFT_EMIT_LOC_STRINGS = YES;
				SWIFT_VERSION = 5.0;
				TARGETED_DEVICE_FAMILY = "1,2";
			};
			name = Debug;
		};
		B070FFAC29BB550B000FACA9 /* Release */ = {
			isa = XCBuildConfiguration;
			buildSettings = {
				ALWAYS_EMBED_SWIFT_STANDARD_LIBRARIES = YES;
				ASSETCATALOG_COMPILER_APPICON_NAME = AppIcon;
				ASSETCATALOG_COMPILER_GLOBAL_ACCENT_COLOR_NAME = AccentColor;
				CODE_SIGN_STYLE = Automatic;
				CURRENT_PROJECT_VERSION = 1;
				DEVELOPMENT_ASSET_PATHS = "\"FeaturesDemo/Preview Content\"";
				DEVELOPMENT_TEAM = D2T2QC36Z9;
				ENABLE_PREVIEWS = YES;
				GENERATE_INFOPLIST_FILE = YES;
				INFOPLIST_FILE = FeaturesDemo/Info.plist;
				INFOPLIST_KEY_UIApplicationSupportsIndirectInputEvents = YES;
				INFOPLIST_KEY_UILaunchScreen_Generation = YES;
				INFOPLIST_KEY_UISupportedInterfaceOrientations_iPad = "UIInterfaceOrientationPortrait UIInterfaceOrientationPortraitUpsideDown UIInterfaceOrientationLandscapeLeft UIInterfaceOrientationLandscapeRight";
				INFOPLIST_KEY_UISupportedInterfaceOrientations_iPhone = "UIInterfaceOrientationPortrait UIInterfaceOrientationLandscapeLeft UIInterfaceOrientationLandscapeRight";
				LD_RUNPATH_SEARCH_PATHS = (
					"$(inherited)",
					"@executable_path/Frameworks",
				);
				MARKETING_VERSION = 1.0;
				PRODUCT_BUNDLE_IDENTIFIER = com.futurice.FeaturesDemo;
				PRODUCT_NAME = "$(TARGET_NAME)";
				SWIFT_EMIT_LOC_STRINGS = YES;
				SWIFT_VERSION = 5.0;
				TARGETED_DEVICE_FAMILY = "1,2";
			};
			name = Release;
		};
		B070FFAE29BB550B000FACA9 /* Debug */ = {
			isa = XCBuildConfiguration;
			buildSettings = {
				ALWAYS_EMBED_SWIFT_STANDARD_LIBRARIES = YES;
				BUNDLE_LOADER = "$(TEST_HOST)";
				CODE_SIGN_STYLE = Automatic;
				CURRENT_PROJECT_VERSION = 1;
				DEVELOPMENT_TEAM = D2T2QC36Z9;
				GENERATE_INFOPLIST_FILE = YES;
				IPHONEOS_DEPLOYMENT_TARGET = 16.2;
				MARKETING_VERSION = 1.0;
				PRODUCT_BUNDLE_IDENTIFIER = com.futurice.FeaturesDemoTests;
				PRODUCT_NAME = "$(TARGET_NAME)";
				SWIFT_EMIT_LOC_STRINGS = NO;
				SWIFT_VERSION = 5.0;
				TARGETED_DEVICE_FAMILY = "1,2";
				TEST_HOST = "$(BUILT_PRODUCTS_DIR)/FeaturesDemo.app/$(BUNDLE_EXECUTABLE_FOLDER_PATH)/FeaturesDemo";
			};
			name = Debug;
		};
		B070FFAF29BB550B000FACA9 /* Release */ = {
			isa = XCBuildConfiguration;
			buildSettings = {
				ALWAYS_EMBED_SWIFT_STANDARD_LIBRARIES = YES;
				BUNDLE_LOADER = "$(TEST_HOST)";
				CODE_SIGN_STYLE = Automatic;
				CURRENT_PROJECT_VERSION = 1;
				DEVELOPMENT_TEAM = D2T2QC36Z9;
				GENERATE_INFOPLIST_FILE = YES;
				IPHONEOS_DEPLOYMENT_TARGET = 16.2;
				MARKETING_VERSION = 1.0;
				PRODUCT_BUNDLE_IDENTIFIER = com.futurice.FeaturesDemoTests;
				PRODUCT_NAME = "$(TARGET_NAME)";
				SWIFT_EMIT_LOC_STRINGS = NO;
				SWIFT_VERSION = 5.0;
				TARGETED_DEVICE_FAMILY = "1,2";
				TEST_HOST = "$(BUILT_PRODUCTS_DIR)/FeaturesDemo.app/$(BUNDLE_EXECUTABLE_FOLDER_PATH)/FeaturesDemo";
			};
			name = Release;
		};
		B070FFB129BB550B000FACA9 /* Debug */ = {
			isa = XCBuildConfiguration;
			buildSettings = {
				ALWAYS_EMBED_SWIFT_STANDARD_LIBRARIES = YES;
				CODE_SIGN_STYLE = Automatic;
				CURRENT_PROJECT_VERSION = 1;
				DEVELOPMENT_TEAM = D2T2QC36Z9;
				GENERATE_INFOPLIST_FILE = YES;
				MARKETING_VERSION = 1.0;
				PRODUCT_BUNDLE_IDENTIFIER = com.futurice.FeaturesDemoUITests;
				PRODUCT_NAME = "$(TARGET_NAME)";
				SWIFT_EMIT_LOC_STRINGS = NO;
				SWIFT_VERSION = 5.0;
				TARGETED_DEVICE_FAMILY = "1,2";
				TEST_TARGET_NAME = FeaturesDemo;
			};
			name = Debug;
		};
		B070FFB229BB550B000FACA9 /* Release */ = {
			isa = XCBuildConfiguration;
			buildSettings = {
				ALWAYS_EMBED_SWIFT_STANDARD_LIBRARIES = YES;
				CODE_SIGN_STYLE = Automatic;
				CURRENT_PROJECT_VERSION = 1;
				DEVELOPMENT_TEAM = D2T2QC36Z9;
				GENERATE_INFOPLIST_FILE = YES;
				MARKETING_VERSION = 1.0;
				PRODUCT_BUNDLE_IDENTIFIER = com.futurice.FeaturesDemoUITests;
				PRODUCT_NAME = "$(TARGET_NAME)";
				SWIFT_EMIT_LOC_STRINGS = NO;
				SWIFT_VERSION = 5.0;
				TARGETED_DEVICE_FAMILY = "1,2";
				TEST_TARGET_NAME = FeaturesDemo;
			};
			name = Release;
		};
		B070FFCE29BB5703000FACA9 /* Debug */ = {
			isa = XCBuildConfiguration;
			buildSettings = {
				ASSETCATALOG_COMPILER_GLOBAL_ACCENT_COLOR_NAME = AccentColor;
				ASSETCATALOG_COMPILER_WIDGET_BACKGROUND_COLOR_NAME = WidgetBackground;
				CODE_SIGN_STYLE = Automatic;
				CURRENT_PROJECT_VERSION = 1;
				DEVELOPMENT_TEAM = D2T2QC36Z9;
				GENERATE_INFOPLIST_FILE = YES;
				INFOPLIST_FILE = DemoWidget/Info.plist;
				INFOPLIST_KEY_CFBundleDisplayName = DemoWidget;
				INFOPLIST_KEY_NSHumanReadableCopyright = "";
				LD_RUNPATH_SEARCH_PATHS = (
					"$(inherited)",
					"@executable_path/Frameworks",
					"@executable_path/../../Frameworks",
				);
				MARKETING_VERSION = 1.0;
				PRODUCT_BUNDLE_IDENTIFIER = com.futurice.FeaturesDemo.DemoWidget;
				PRODUCT_NAME = "$(TARGET_NAME)";
				SKIP_INSTALL = YES;
				SWIFT_EMIT_LOC_STRINGS = YES;
				SWIFT_VERSION = 5.0;
				TARGETED_DEVICE_FAMILY = "1,2";
			};
			name = Debug;
		};
		B070FFCF29BB5703000FACA9 /* Release */ = {
			isa = XCBuildConfiguration;
			buildSettings = {
				ASSETCATALOG_COMPILER_GLOBAL_ACCENT_COLOR_NAME = AccentColor;
				ASSETCATALOG_COMPILER_WIDGET_BACKGROUND_COLOR_NAME = WidgetBackground;
				CODE_SIGN_STYLE = Automatic;
				CURRENT_PROJECT_VERSION = 1;
				DEVELOPMENT_TEAM = D2T2QC36Z9;
				GENERATE_INFOPLIST_FILE = YES;
				INFOPLIST_FILE = DemoWidget/Info.plist;
				INFOPLIST_KEY_CFBundleDisplayName = DemoWidget;
				INFOPLIST_KEY_NSHumanReadableCopyright = "";
				LD_RUNPATH_SEARCH_PATHS = (
					"$(inherited)",
					"@executable_path/Frameworks",
					"@executable_path/../../Frameworks",
				);
				MARKETING_VERSION = 1.0;
				PRODUCT_BUNDLE_IDENTIFIER = com.futurice.FeaturesDemo.DemoWidget;
				PRODUCT_NAME = "$(TARGET_NAME)";
				SKIP_INSTALL = YES;
				SWIFT_EMIT_LOC_STRINGS = YES;
				SWIFT_VERSION = 5.0;
				TARGETED_DEVICE_FAMILY = "1,2";
			};
			name = Release;
		};
/* End XCBuildConfiguration section */

/* Begin XCConfigurationList section */
		B070000029BB5971000FACA9 /* Build configuration list for PBXNativeTarget "StaticExtensionExtension" */ = {
			isa = XCConfigurationList;
			buildConfigurations = (
				B070000129BB5971000FACA9 /* Debug */,
				B070000229BB5971000FACA9 /* Release */,
			);
			defaultConfigurationIsVisible = 0;
			defaultConfigurationName = Release;
		};
		B070FF8129BB550A000FACA9 /* Build configuration list for PBXProject "FeaturesDemo" */ = {
			isa = XCConfigurationList;
			buildConfigurations = (
				B070FFA829BB550B000FACA9 /* Debug */,
				B070FFA929BB550B000FACA9 /* Release */,
			);
			defaultConfigurationIsVisible = 0;
			defaultConfigurationName = Release;
		};
		B070FFAA29BB550B000FACA9 /* Build configuration list for PBXNativeTarget "FeaturesDemo" */ = {
			isa = XCConfigurationList;
			buildConfigurations = (
				B070FFAB29BB550B000FACA9 /* Debug */,
				B070FFAC29BB550B000FACA9 /* Release */,
			);
			defaultConfigurationIsVisible = 0;
			defaultConfigurationName = Release;
		};
		B070FFAD29BB550B000FACA9 /* Build configuration list for PBXNativeTarget "FeaturesDemoTests" */ = {
			isa = XCConfigurationList;
			buildConfigurations = (
				B070FFAE29BB550B000FACA9 /* Debug */,
				B070FFAF29BB550B000FACA9 /* Release */,
			);
			defaultConfigurationIsVisible = 0;
			defaultConfigurationName = Release;
		};
		B070FFB029BB550B000FACA9 /* Build configuration list for PBXNativeTarget "FeaturesDemoUITests" */ = {
			isa = XCConfigurationList;
			buildConfigurations = (
				B070FFB129BB550B000FACA9 /* Debug */,
				B070FFB229BB550B000FACA9 /* Release */,
			);
			defaultConfigurationIsVisible = 0;
			defaultConfigurationName = Release;
		};
		B070FFCD29BB5703000FACA9 /* Build configuration list for PBXNativeTarget "DemoWidgetExtension" */ = {
			isa = XCConfigurationList;
			buildConfigurations = (
				B070FFCE29BB5703000FACA9 /* Debug */,
				B070FFCF29BB5703000FACA9 /* Release */,
			);
			defaultConfigurationIsVisible = 0;
			defaultConfigurationName = Release;
		};
/* End XCConfigurationList section */
	};
	rootObject = B070FF7E29BB550A000FACA9 /* Project object */;
}
